
Microsoft Visual Studio Solution File, Format Version 12.00
# Visual Studio Version 16
VisualStudioVersion = 16.0.31402.337
MinimumVisualStudioVersion = 10.0.40219.1
Project("{FAE04EC0-301F-11D3-BF4B-00C04F79EFBC}") = "JSONPlaceholderApp.Android", "JSONPlaceholderApp\JSONPlaceholderApp.Android\JSONPlaceholderApp.Android.csproj", "{765833CD-2629-406A-9676-88FE11A43539}"
EndProject
Project("{FAE04EC0-301F-11D3-BF4B-00C04F79EFBC}") = "JSONPlaceholderApp.iOS", "JSONPlaceholderApp\JSONPlaceholderApp.iOS\JSONPlaceholderApp.iOS.csproj", "{0C800B67-1987-4BAA-91F8-03B8C4BB1DA8}"
EndProject
Project("{9A19103F-16F7-4668-BE54-9A1E7A4F7556}") = "JSONPlaceholderApp", "JSONPlaceholderApp\JSONPlaceholderApp\JSONPlaceholderApp.csproj", "{3091EFB8-95B8-4118-861F-4595268B944D}"
EndProject
Project("{9A19103F-16F7-4668-BE54-9A1E7A4F7556}") = "JSONPlaceholderApp.WebApplication", "JSONPlaceholderApp.WebApplication\JSONPlaceholderApp.WebApplication.csproj", "{A69D87BD-E39A-4A7B-8CAA-F5BA0B29F1D9}"
EndProject
Project("{FAE04EC0-301F-11D3-BF4B-00C04F79EFBC}") = "JSONPlaceholderApp.Entities", "JSONPlaceholderApp.Entities\JSONPlaceholderApp.Entities.csproj", "{C5170565-6235-4F6D-A5AF-B3DDE5E9782B}"
EndProject
Global
	GlobalSection(SolutionConfigurationPlatforms) = preSolution
		Debug|Any CPU = Debug|Any CPU
		Debug|iPhone = Debug|iPhone
		Debug|iPhoneSimulator = Debug|iPhoneSimulator
		Release|Any CPU = Release|Any CPU
		Release|iPhone = Release|iPhone
		Release|iPhoneSimulator = Release|iPhoneSimulator
	EndGlobalSection
	GlobalSection(ProjectConfigurationPlatforms) = postSolution
		{765833CD-2629-406A-9676-88FE11A43539}.Debug|Any CPU.ActiveCfg = Debug|Any CPU
		{765833CD-2629-406A-9676-88FE11A43539}.Debug|Any CPU.Build.0 = Debug|Any CPU
		{765833CD-2629-406A-9676-88FE11A43539}.Debug|Any CPU.Deploy.0 = Debug|Any CPU
		{765833CD-2629-406A-9676-88FE11A43539}.Debug|iPhone.ActiveCfg = Debug|Any CPU
		{765833CD-2629-406A-9676-88FE11A43539}.Debug|iPhone.Build.0 = Debug|Any CPU
		{765833CD-2629-406A-9676-88FE11A43539}.Debug|iPhone.Deploy.0 = Debug|Any CPU
		{765833CD-2629-406A-9676-88FE11A43539}.Debug|iPhoneSimulator.ActiveCfg = Debug|Any CPU
		{765833CD-2629-406A-9676-88FE11A43539}.Debug|iPhoneSimulator.Build.0 = Debug|Any CPU
		{765833CD-2629-406A-9676-88FE11A43539}.Debug|iPhoneSimulator.Deploy.0 = Debug|Any CPU
		{765833CD-2629-406A-9676-88FE11A43539}.Release|Any CPU.ActiveCfg = Release|Any CPU
		{765833CD-2629-406A-9676-88FE11A43539}.Release|Any CPU.Build.0 = Release|Any CPU
		{765833CD-2629-406A-9676-88FE11A43539}.Release|Any CPU.Deploy.0 = Release|Any CPU
		{765833CD-2629-406A-9676-88FE11A43539}.Release|iPhone.ActiveCfg = Release|Any CPU
		{765833CD-2629-406A-9676-88FE11A43539}.Release|iPhone.Build.0 = Release|Any CPU
		{765833CD-2629-406A-9676-88FE11A43539}.Release|iPhone.Deploy.0 = Release|Any CPU
		{765833CD-2629-406A-9676-88FE11A43539}.Release|iPhoneSimulator.ActiveCfg = Release|Any CPU
		{765833CD-2629-406A-9676-88FE11A43539}.Release|iPhoneSimulator.Build.0 = Release|Any CPU
		{765833CD-2629-406A-9676-88FE11A43539}.Release|iPhoneSimulator.Deploy.0 = Release|Any CPU
		{0C800B67-1987-4BAA-91F8-03B8C4BB1DA8}.Debug|Any CPU.ActiveCfg = Debug|iPhone
		{0C800B67-1987-4BAA-91F8-03B8C4BB1DA8}.Debug|Any CPU.Build.0 = Debug|iPhone
		{0C800B67-1987-4BAA-91F8-03B8C4BB1DA8}.Debug|Any CPU.Deploy.0 = Debug|iPhone
		{0C800B67-1987-4BAA-91F8-03B8C4BB1DA8}.Debug|iPhone.ActiveCfg = Debug|iPhone
		{0C800B67-1987-4BAA-91F8-03B8C4BB1DA8}.Debug|iPhone.Build.0 = Debug|iPhone
		{0C800B67-1987-4BAA-91F8-03B8C4BB1DA8}.Debug|iPhone.Deploy.0 = Debug|iPhone
		{0C800B67-1987-4BAA-91F8-03B8C4BB1DA8}.Debug|iPhoneSimulator.ActiveCfg = Debug|iPhoneSimulator
		{0C800B67-1987-4BAA-91F8-03B8C4BB1DA8}.Debug|iPhoneSimulator.Build.0 = Debug|iPhoneSimulator
		{0C800B67-1987-4BAA-91F8-03B8C4BB1DA8}.Debug|iPhoneSimulator.Deploy.0 = Debug|iPhoneSimulator
		{0C800B67-1987-4BAA-91F8-03B8C4BB1DA8}.Release|Any CPU.ActiveCfg = Release|iPhoneSimulator
		{0C800B67-1987-4BAA-91F8-03B8C4BB1DA8}.Release|Any CPU.Build.0 = Release|iPhoneSimulator
		{0C800B67-1987-4BAA-91F8-03B8C4BB1DA8}.Release|Any CPU.Deploy.0 = Release|iPhoneSimulator
		{0C800B67-1987-4BAA-91F8-03B8C4BB1DA8}.Release|iPhone.ActiveCfg = Release|iPhone
		{0C800B67-1987-4BAA-91F8-03B8C4BB1DA8}.Release|iPhone.Build.0 = Release|iPhone
		{0C800B67-1987-4BAA-91F8-03B8C4BB1DA8}.Release|iPhone.Deploy.0 = Release|iPhone
		{0C800B67-1987-4BAA-91F8-03B8C4BB1DA8}.Release|iPhoneSimulator.ActiveCfg = Release|iPhoneSimulator
		{0C800B67-1987-4BAA-91F8-03B8C4BB1DA8}.Release|iPhoneSimulator.Build.0 = Release|iPhoneSimulator
		{0C800B67-1987-4BAA-91F8-03B8C4BB1DA8}.Release|iPhoneSimulator.Deploy.0 = Release|iPhoneSimulator
		{3091EFB8-95B8-4118-861F-4595268B944D}.Debug|Any CPU.ActiveCfg = Debug|Any CPU
		{3091EFB8-95B8-4118-861F-4595268B944D}.Debug|Any CPU.Build.0 = Debug|Any CPU
		{3091EFB8-95B8-4118-861F-4595268B944D}.Debug|Any CPU.Deploy.0 = Debug|Any CPU
		{3091EFB8-95B8-4118-861F-4595268B944D}.Debug|iPhone.ActiveCfg = Debug|Any CPU
		{3091EFB8-95B8-4118-861F-4595268B944D}.Debug|iPhone.Build.0 = Debug|Any CPU
		{3091EFB8-95B8-4118-861F-4595268B944D}.Debug|iPhone.Deploy.0 = Debug|Any CPU
		{3091EFB8-95B8-4118-861F-4595268B944D}.Debug|iPhoneSimulator.ActiveCfg = Debug|Any CPU
		{3091EFB8-95B8-4118-861F-4595268B944D}.Debug|iPhoneSimulator.Build.0 = Debug|Any CPU
		{3091EFB8-95B8-4118-861F-4595268B944D}.Debug|iPhoneSimulator.Deploy.0 = Debug|Any CPU
		{3091EFB8-95B8-4118-861F-4595268B944D}.Release|Any CPU.ActiveCfg = Release|Any CPU
		{3091EFB8-95B8-4118-861F-4595268B944D}.Release|Any CPU.Build.0 = Release|Any CPU
		{3091EFB8-95B8-4118-861F-4595268B944D}.Release|Any CPU.Deploy.0 = Release|Any CPU
		{3091EFB8-95B8-4118-861F-4595268B944D}.Release|iPhone.ActiveCfg = Release|Any CPU
		{3091EFB8-95B8-4118-861F-4595268B944D}.Release|iPhone.Build.0 = Release|Any CPU
		{3091EFB8-95B8-4118-861F-4595268B944D}.Release|iPhone.Deploy.0 = Release|Any CPU
		{3091EFB8-95B8-4118-861F-4595268B944D}.Release|iPhoneSimulator.ActiveCfg = Release|Any CPU
		{3091EFB8-95B8-4118-861F-4595268B944D}.Release|iPhoneSimulator.Build.0 = Release|Any CPU
		{3091EFB8-95B8-4118-861F-4595268B944D}.Release|iPhoneSimulator.Deploy.0 = Release|Any CPU
		{A69D87BD-E39A-4A7B-8CAA-F5BA0B29F1D9}.Debug|Any CPU.ActiveCfg = Debug|Any CPU
		{A69D87BD-E39A-4A7B-8CAA-F5BA0B29F1D9}.Debug|Any CPU.Build.0 = Debug|Any CPU
		{A69D87BD-E39A-4A7B-8CAA-F5BA0B29F1D9}.Debug|iPhone.ActiveCfg = Debug|Any CPU
		{A69D87BD-E39A-4A7B-8CAA-F5BA0B29F1D9}.Debug|iPhone.Build.0 = Debug|Any CPU
		{A69D87BD-E39A-4A7B-8CAA-F5BA0B29F1D9}.Debug|iPhoneSimulator.ActiveCfg = Debug|Any CPU
		{A69D87BD-E39A-4A7B-8CAA-F5BA0B29F1D9}.Debug|iPhoneSimulator.Build.0 = Debug|Any CPU
		{A69D87BD-E39A-4A7B-8CAA-F5BA0B29F1D9}.Release|Any CPU.ActiveCfg = Release|Any CPU
		{A69D87BD-E39A-4A7B-8CAA-F5BA0B29F1D9}.Release|Any CPU.Build.0 = Release|Any CPU
		{A69D87BD-E39A-4A7B-8CAA-F5BA0B29F1D9}.Release|iPhone.ActiveCfg = Release|Any CPU
		{A69D87BD-E39A-4A7B-8CAA-F5BA0B29F1D9}.Release|iPhone.Build.0 = Release|Any CPU
		{A69D87BD-E39A-4A7B-8CAA-F5BA0B29F1D9}.Release|iPhoneSimulator.ActiveCfg = Release|Any CPU
		{A69D87BD-E39A-4A7B-8CAA-F5BA0B29F1D9}.Release|iPhoneSimulator.Build.0 = Release|Any CPU
		{C5170565-6235-4F6D-A5AF-B3DDE5E9782B}.Debug|Any CPU.ActiveCfg = Debug|Any CPU
		{C5170565-6235-4F6D-A5AF-B3DDE5E9782B}.Debug|Any CPU.Build.0 = Debug|Any CPU
		{C5170565-6235-4F6D-A5AF-B3DDE5E9782B}.Debug|iPhone.ActiveCfg = Debug|Any CPU
		{C5170565-6235-4F6D-A5AF-B3DDE5E9782B}.Debug|iPhone.Build.0 = Debug|Any CPU
		{C5170565-6235-4F6D-A5AF-B3DDE5E9782B}.Debug|iPhoneSimulator.ActiveCfg = Debug|Any CPU
		{C5170565-6235-4F6D-A5AF-B3DDE5E9782B}.Debug|iPhoneSimulator.Build.0 = Debug|Any CPU
		{C5170565-6235-4F6D-A5AF-B3DDE5E9782B}.Release|Any CPU.ActiveCfg = Release|Any CPU
		{C5170565-6235-4F6D-A5AF-B3DDE5E9782B}.Release|Any CPU.Build.0 = Release|Any CPU
		{C5170565-6235-4F6D-A5AF-B3DDE5E9782B}.Release|iPhone.ActiveCfg = Release|Any CPU
		{C5170565-6235-4F6D-A5AF-B3DDE5E9782B}.Release|iPhone.Build.0 = Release|Any CPU
		{C5170565-6235-4F6D-A5AF-B3DDE5E9782B}.Release|iPhoneSimulator.ActiveCfg = Release|Any CPU
		{C5170565-6235-4F6D-A5AF-B3DDE5E9782B}.Release|iPhoneSimulator.Build.0 = Release|Any CPU
	EndGlobalSection
	GlobalSection(SolutionProperties) = preSolution
		HideSolutionNode = FALSE
	EndGlobalSection
	GlobalSection(ExtensibilityGlobals) = postSolution
		SolutionGuid = {56D810DE-8851-4C4B-9251-948EE2966EA8}
	EndGlobalSection
EndGlobal
